{
  "originHash" : "5e51c0ab7647651d7cc8ae0f89a70dc0a11c64a4344e09fa3be9a5e7ef408357",
  "pins" : [
    {
      "identity" : "corebedrock",
      "kind" : "remoteSourceControl",
      "location" : "https://github.com/yechentide/CoreBedrock.git",
      "state" : {
        "revision" : "6c5a8a9a07b84e0b74d3c4976b009a91eaf235e3"
      }
    },
    {
      "identity" : "swift-argument-parser",
      "kind" : "remoteSourceControl",
      "location" : "https://github.com/apple/swift-argument-parser.git",
      "state" : {
        "revision" : "41982a3656a71c768319979febd796c6fd111d5c",
        "version" : "1.5.0"
      }
    }
  ],
  "version" : 3
}
