{
  "originHash" : "a653f142d653b89a8f73ab56ab607fd4608171f7f2820fa37fd5168c2a5744ee",
  "pins" : [
    {
      "identity" : "corebedrock",
      "kind" : "remoteSourceControl",
      "location" : "https://github.com/yechentide/CoreBedrock.git",
      "state" : {
        "revision" : "f24e53e7fc90dde4ea5dec211cf4cd968b74822c"
      }
    },
    {
      "identity" : "swift-argument-parser",
      "kind" : "remoteSourceControl",
      "location" : "https://github.com/apple/swift-argument-parser.git",
      "state" : {
        "revision" : "41982a3656a71c768319979febd796c6fd111d5c",
        "version" : "1.5.0"
      }
    }
  ],
  "version" : 3
}
