{
  "originHash" : "8939d9f9501ae4125c0e417e8fcebf7c752afdf165275dc21d3e003b2b3baafe",
  "pins" : [
    {
      "identity" : "corebedrock",
      "kind" : "remoteSourceControl",
      "location" : "https://github.com/yechentide/CoreBedrock.git",
      "state" : {
        "revision" : "0bcc77c8bfc87bccfbb8c83826b62dac7d19dfaa"
      }
    },
    {
      "identity" : "datacompression",
      "kind" : "remoteSourceControl",
      "location" : "https://github.com/mw99/DataCompression",
      "state" : {
        "revision" : "5ab15951321b08b74511601cbd0497667649d70b",
        "version" : "3.8.0"
      }
    },
    {
      "identity" : "swift-argument-parser",
      "kind" : "remoteSourceControl",
      "location" : "https://github.com/apple/swift-argument-parser.git",
      "state" : {
        "revision" : "41982a3656a71c768319979febd796c6fd111d5c",
        "version" : "1.5.0"
      }
    }
  ],
  "version" : 3
}
